
Microsoft Visual Studio Solution File, Format Version 12.00
# Visual Studio Version 16
VisualStudioVersion = 16.0.30907.101
MinimumVisualStudioVersion = 10.0.40219.1
Project("{FAE04EC0-301F-11D3-BF4B-00C04F79EFBC}") = "MyDictionary", "MyDictionary\MyDictionary.csproj", "{BB670C4A-AAC3-4AFB-9E92-0CDD77239C16}"
EndProject
Global
	GlobalSection(SolutionConfigurationPlatforms) = preSolution
		Debug|Any CPU = Debug|Any CPU
		Release|Any CPU = Release|Any CPU
	EndGlobalSection
	GlobalSection(ProjectConfigurationPlatforms) = postSolution
		{BB670C4A-AAC3-4AFB-9E92-0CDD77239C16}.Debug|Any CPU.ActiveCfg = Debug|Any CPU
		{BB670C4A-AAC3-4AFB-9E92-0CDD77239C16}.Debug|Any CPU.Build.0 = Debug|Any CPU
		{BB670C4A-AAC3-4AFB-9E92-0CDD77239C16}.Release|Any CPU.ActiveCfg = Release|Any CPU
		{BB670C4A-AAC3-4AFB-9E92-0CDD77239C16}.Release|Any CPU.Build.0 = Release|Any CPU
	EndGlobalSection
	GlobalSection(SolutionProperties) = preSolution
		HideSolutionNode = FALSE
	EndGlobalSection
	GlobalSection(ExtensibilityGlobals) = postSolution
		SolutionGuid = {5AB6E492-AEF4-4C0E-9609-1556C6E89730}
	EndGlobalSection
EndGlobal
